
Microsoft Visual Studio Solution File, Format Version 12.00
Project("{FAE04EC0-301F-11D3-BF4B-00C04F79EFBC}") = "Tests", "Tests\Tests.csproj", "{2B5889A2-10BE-4FEC-B2CB-0A447A0BBF92}"
EndProject
Project("{FAE04EC0-301F-11D3-BF4B-00C04F79EFBC}") = "TestService", "TestService\TestService.csproj", "{252AD032-2F82-488E-9190-CEDE8B576C21}"
EndProject
Project("{FAE04EC0-301F-11D3-BF4B-00C04F79EFBC}") = "GR8Tech.TestUtils.SignalRClient", "GR8Tech.TestUtils.SignalRClient\GR8Tech.TestUtils.SignalRClient.csproj", "{A7ACA30D-0296-4236-A870-430263FB9DD8}"
EndProject
Global
	GlobalSection(SolutionConfigurationPlatforms) = preSolution
		Debug|Any CPU = Debug|Any CPU
		Release|Any CPU = Release|Any CPU
	EndGlobalSection
	GlobalSection(ProjectConfigurationPlatforms) = postSolution
		{2B5889A2-10BE-4FEC-B2CB-0A447A0BBF92}.Debug|Any CPU.ActiveCfg = Debug|Any CPU
		{2B5889A2-10BE-4FEC-B2CB-0A447A0BBF92}.Debug|Any CPU.Build.0 = Debug|Any CPU
		{2B5889A2-10BE-4FEC-B2CB-0A447A0BBF92}.Release|Any CPU.ActiveCfg = Release|Any CPU
		{2B5889A2-10BE-4FEC-B2CB-0A447A0BBF92}.Release|Any CPU.Build.0 = Release|Any CPU
		{252AD032-2F82-488E-9190-CEDE8B576C21}.Debug|Any CPU.ActiveCfg = Debug|Any CPU
		{252AD032-2F82-488E-9190-CEDE8B576C21}.Debug|Any CPU.Build.0 = Debug|Any CPU
		{252AD032-2F82-488E-9190-CEDE8B576C21}.Release|Any CPU.ActiveCfg = Release|Any CPU
		{252AD032-2F82-488E-9190-CEDE8B576C21}.Release|Any CPU.Build.0 = Release|Any CPU
		{A7ACA30D-0296-4236-A870-430263FB9DD8}.Debug|Any CPU.ActiveCfg = Debug|Any CPU
		{A7ACA30D-0296-4236-A870-430263FB9DD8}.Debug|Any CPU.Build.0 = Debug|Any CPU
		{A7ACA30D-0296-4236-A870-430263FB9DD8}.Release|Any CPU.ActiveCfg = Release|Any CPU
		{A7ACA30D-0296-4236-A870-430263FB9DD8}.Release|Any CPU.Build.0 = Release|Any CPU
	EndGlobalSection
EndGlobal
